schema: '2.0'
stages:
  data_ingestion:
    cmd: python src/data_ingestion.py
    deps:
    - path: src/data_ingestion.py
      hash: md5
      md5: ef517d6c1794ef7b314f024b4fb5bc1c
      size: 3780
    outs:
    - path: data/raw
      hash: md5
      md5: 1a287d34dc172d9f950c03dae35f7e73.dir
      size: 484846
      nfiles: 2
  data_preprocessing:
    cmd: python src/data_preprocessing.py
    deps:
    - path: data/raw
      hash: md5
      md5: 1a287d34dc172d9f950c03dae35f7e73.dir
      size: 484846
      nfiles: 2
    - path: src/data_preprocessing.py
      hash: md5
      md5: 8d25ef7e433fbbde102ef9d8c8a3e82f
      size: 4274
    outs:
    - path: data/interim
      hash: md5
      md5: d99be5cb2b019d747166f90739fa6d08.dir
      size: 260073
      nfiles: 2
  feature_engineering:
    cmd: python src/feature_engineering.py
    deps:
    - path: data/interim
      hash: md5
      md5: d99be5cb2b019d747166f90739fa6d08.dir
      size: 260073
      nfiles: 2
    - path: src/feature_engineering.py
      hash: md5
      md5: b449a4b562f9b706f1d3c1cb8553ca0b
      size: 4132
    params:
      params.yaml:
        feature_engineering.max_features: 35
    outs:
    - path: data/processed
      hash: md5
      md5: a8c07e8093dadb60b7a4d952b7a27628.dir
      size: 834750
      nfiles: 2
  model_training:
    cmd: python src/model_training.py
    deps:
    - path: data/processed
      hash: md5
      md5: a8c07e8093dadb60b7a4d952b7a27628.dir
      size: 834750
      nfiles: 2
    - path: src/model_training.py
      hash: md5
      md5: dab8becb5607e0cc85f0139456ab441b
      size: 4620
    params:
      params.yaml:
        model_building.n_estimators: 22
        model_building.random_state: 2
    outs:
    - path: models/model.pkl
      hash: md5
      md5: 7754b4daa20e7e5f504791e4baa1ffb9
      size: 720165
  model_evaluation:
    cmd: python src/model_evaluation.py
    deps:
    - path: models/model.pkl
      hash: md5
      md5: 7754b4daa20e7e5f504791e4baa1ffb9
      size: 720165
    - path: src/model_evaluation.py
      hash: md5
      md5: 638e8891f3f31b3e02f70df6efa239fc
      size: 4865
    outs:
    - path: reports/metrics.json
      hash: md5
      md5: abba219d58644dde3de017d8eedbd8b8
      size: 145
